{
    "_meta": {
        "hash": {
            "sha256": "fc71ea4a4c6ecdd7abc0280c0a63d28ac7d27c9888a35686019f1bf971752bd0"
        },
        "pipfile-spec": 6,
        "requires": {
            "python_version": "3.7"
        },
        "sources": [
            {
                "name": "pypi",
                "url": "https://pypi.org/simple",
                "verify_ssl": true
            }
        ]
    },
    "default": {
        "lark-parser": {
            "hashes": [
                "sha256:c4888f6028f6d80f3c515974d2c5e43c9a16ddc935f39af510bd178f76620a61",
                "sha256:e60a85bf0ecdd938be81f3c2f033f4becf69a221ccbbbc34d68b4dfd853f6d0e"
            ],
            "index": "pypi",
            "version": "==0.7.3"
        }
    },
    "develop": {}
}
