{
    "_meta": {
        "hash": {
            "sha256": "3da04b2c76e41ae3a6cbe85c0cde1f81a8ec252b62e9e3f3a0c8c179d92bb12c"
        },
        "pipfile-spec": 6,
        "requires": {
            "python_version": "3.7"
        },
        "sources": [
            {
                "name": "pypi",
                "url": "https://pypi.org/simple",
                "verify_ssl": true
            }
        ]
    },
    "default": {
        "lark-parser": {
            "editable": true,
            "git": "https://github.com/lark-parser/lark.git",
            "ref": "b92d15d63f89afd8d91e5dfc91f676894783da6b"
        }
    },
    "develop": {}
}
