{
    "_meta": {
        "hash": {
            "sha256": "797fad0136fe60eed2ab3f4d8805c3073b1c4c72aae645917f82e011cbf05a68"
        },
        "pipfile-spec": 6,
        "requires": {
            "python_version": "3.7"
        },
        "sources": [
            {
                "name": "pypi",
                "url": "https://pypi.org/simple",
                "verify_ssl": true
            }
        ]
    },
    "default": {
        "lark-parser": {
            "editable": true,
            "git": "https://github.com/lark-parser/lark.git",
            "ref": "b92d15d63f89afd8d91e5dfc91f676894783da6b"
        }
    },
    "develop": {
        "guppy3": {
            "hashes": [
                "sha256:119a998a7bee2c941e3b6c2acd8b83c10cab7ca5d31ac0890d7918f14d0d503f"
            ],
            "index": "pypi",
            "version": "==3.0.3"
        }
    }
}
